
Microsoft Visual Studio Solution File, Format Version 12.00
# Visual Studio Version 17
VisualStudioVersion = 17.0.31903.59
MinimumVisualStudioVersion = 10.0.40219.1
Project("{FAE04EC0-301F-11D3-BF4B-00C04F79EFBC}") = "RecipeApi.Web", "RecipeApi.Web\RecipeApi.Web.csproj", "{61769742-4276-40D6-9151-B42D5001E870}"
EndProject
Project("{FAE04EC0-301F-11D3-BF4B-00C04F79EFBC}") = "RecipeApi.Test", "RecipeApi.Test\RecipeApi.Test.csproj", "{4CFB8E01-7512-4AA5-8F2B-1CA9F8E493B6}"
EndProject
Global
	GlobalSection(SolutionConfigurationPlatforms) = preSolution
		Debug|Any CPU = Debug|Any CPU
		Release|Any CPU = Release|Any CPU
	EndGlobalSection
	GlobalSection(SolutionProperties) = preSolution
		HideSolutionNode = FALSE
	EndGlobalSection
	GlobalSection(ProjectConfigurationPlatforms) = postSolution
		{61769742-4276-40D6-9151-B42D5001E870}.Debug|Any CPU.ActiveCfg = Debug|Any CPU
		{61769742-4276-40D6-9151-B42D5001E870}.Debug|Any CPU.Build.0 = Debug|Any CPU
		{61769742-4276-40D6-9151-B42D5001E870}.Release|Any CPU.ActiveCfg = Release|Any CPU
		{61769742-4276-40D6-9151-B42D5001E870}.Release|Any CPU.Build.0 = Release|Any CPU
		{4CFB8E01-7512-4AA5-8F2B-1CA9F8E493B6}.Debug|Any CPU.ActiveCfg = Debug|Any CPU
		{4CFB8E01-7512-4AA5-8F2B-1CA9F8E493B6}.Debug|Any CPU.Build.0 = Debug|Any CPU
		{4CFB8E01-7512-4AA5-8F2B-1CA9F8E493B6}.Release|Any CPU.ActiveCfg = Release|Any CPU
		{4CFB8E01-7512-4AA5-8F2B-1CA9F8E493B6}.Release|Any CPU.Build.0 = Release|Any CPU
	EndGlobalSection
EndGlobal
